
Microsoft Visual Studio Solution File, Format Version 12.00
# Visual Studio Version 17
VisualStudioVersion = 17.3.32922.545
MinimumVisualStudioVersion = 10.0.40219.1
Project("{FAE04EC0-301F-11D3-BF4B-00C04F79EFBC}") = "QuanLyGiaoHang", "QuanLyGiaoHang\QuanLyGiaoHang.csproj", "{1CE144F6-5F62-41E0-ADE9-BBE0E15488C5}"
EndProject
Global
	GlobalSection(SolutionConfigurationPlatforms) = preSolution
		Debug|Any CPU = Debug|Any CPU
		Release|Any CPU = Release|Any CPU
	EndGlobalSection
	GlobalSection(ProjectConfigurationPlatforms) = postSolution
		{1CE144F6-5F62-41E0-ADE9-BBE0E15488C5}.Debug|Any CPU.ActiveCfg = Debug|Any CPU
		{1CE144F6-5F62-41E0-ADE9-BBE0E15488C5}.Debug|Any CPU.Build.0 = Debug|Any CPU
		{1CE144F6-5F62-41E0-ADE9-BBE0E15488C5}.Release|Any CPU.ActiveCfg = Release|Any CPU
		{1CE144F6-5F62-41E0-ADE9-BBE0E15488C5}.Release|Any CPU.Build.0 = Release|Any CPU
	EndGlobalSection
	GlobalSection(SolutionProperties) = preSolution
		HideSolutionNode = FALSE
	EndGlobalSection
	GlobalSection(ExtensibilityGlobals) = postSolution
		SolutionGuid = {890E6BFA-760D-4CC0-A05F-E24003A0BB48}
	EndGlobalSection
EndGlobal
